github.com/howmp/go-socks5 v0.0.0-20220913003715-7c30c75ec0a2 h1:aCCYXbnmwEtIXNOcBAAoLjQRcJtjf6kj1PhWpTTPj8o=
github.com/howmp/go-socks5 v0.0.0-20220913003715-7c30c75ec0a2/go.mod h1:SjBJCcJzy7ThA6ZZAfjaccWXxm1rsySx5Z6qImGS/jM=
golang.org/x/net v0.0.0-20220909164309-bea034e7d591 h1:D0B/7al0LLrVC8aWF4+oxpv/m8bc7ViFfVS8/gXGdqI=
golang.org/x/net v0.0.0-20220909164309-bea034e7d591/go.mod h1:YDH+HFinaLZZlnHAfSS6ZXJJ9M9t4Dl22yv3iI2vPwk=
